# This file is automatically @generated by Cargo.
# It is not intended for manual editing.
version = 4

[[package]]
name = "grammar"
version = "0.0.0"
dependencies = [
 "parser",
 "root",
]

[[package]]
name = "parser"
version = "0.0.0"
dependencies = [
 "root",
]

[[package]]
name = "root"
version = "0.0.0"
dependencies = [
 "grammar",
 "parser",
]
